// !$*UTF8*$!
{
	archiveVersion = 1;
	classes = {
	};
	objectVersion = 56;
	objects = {

/* Begin PBXBuildFile section */
		FA05A5F52A7CAEC400EAEF10 /* SunsetSunriseApp.swift in Sources */ = {isa = PBXBuildFile; fileRef = FA05A5F42A7CAEC400EAEF10 /* SunsetSunriseApp.swift */; };
		FA05A5F72A7CAEC400EAEF10 /* ContentView.swift in Sources */ = {isa = PBXBuildFile; fileRef = FA05A5F62A7CAEC400EAEF10 /* ContentView.swift */; };
		FA05A5F92A7CAEC600EAEF10 /* Assets.xcassets in Resources */ = {isa = PBXBuildFile; fileRef = FA05A5F82A7CAEC600EAEF10 /* Assets.xcassets */; };
		FA05A5FC2A7CAEC600EAEF10 /* Preview Assets.xcassets in Resources */ = {isa = PBXBuildFile; fileRef = FA05A5FB2A7CAEC600EAEF10 /* Preview Assets.xcassets */; };
		FA05A6062A7CAEC600EAEF10 /* SunsetSunriseTests.swift in Sources */ = {isa = PBXBuildFile; fileRef = FA05A6052A7CAEC600EAEF10 /* SunsetSunriseTests.swift */; };
		FA05A6102A7CAEC600EAEF10 /* SunsetSunriseUITests.swift in Sources */ = {isa = PBXBuildFile; fileRef = FA05A60F2A7CAEC600EAEF10 /* SunsetSunriseUITests.swift */; };
		FA05A6122A7CAEC600EAEF10 /* SunsetSunriseUITestsLaunchTests.swift in Sources */ = {isa = PBXBuildFile; fileRef = FA05A6112A7CAEC600EAEF10 /* SunsetSunriseUITestsLaunchTests.swift */; };
		FA05A6202A7CB55500EAEF10 /* AsyncLocationKit in Frameworks */ = {isa = PBXBuildFile; productRef = FA05A61F2A7CB55500EAEF10 /* AsyncLocationKit */; };
		FA05A6222A7CBC7F00EAEF10 /* SunsetSunriseViewModel.swift in Sources */ = {isa = PBXBuildFile; fileRef = FA05A6212A7CBC7F00EAEF10 /* SunsetSunriseViewModel.swift */; };
		FA05A6242A7CBEC000EAEF10 /* SunsetSunriseModel.swift in Sources */ = {isa = PBXBuildFile; fileRef = FA05A6232A7CBEC000EAEF10 /* SunsetSunriseModel.swift */; };
/* End PBXBuildFile section */

/* Begin PBXContainerItemProxy section */
		FA05A6022A7CAEC600EAEF10 /* PBXContainerItemProxy */ = {
			isa = PBXContainerItemProxy;
			containerPortal = FA05A5E92A7CAEC400EAEF10 /* Project object */;
			proxyType = 1;
			remoteGlobalIDString = FA05A5F02A7CAEC400EAEF10;
			remoteInfo = SunsetSunrise;
		};
		FA05A60C2A7CAEC600EAEF10 /* PBXContainerItemProxy */ = {
			isa = PBXContainerItemProxy;
			containerPortal = FA05A5E92A7CAEC400EAEF10 /* Project object */;
			proxyType = 1;
			remoteGlobalIDString = FA05A5F02A7CAEC400EAEF10;
			remoteInfo = SunsetSunrise;
		};
/* End PBXContainerItemProxy section */

/* Begin PBXFileReference section */
		FA05A5F12A7CAEC400EAEF10 /* SunsetSunrise.app */ = {isa = PBXFileReference; explicitFileType = wrapper.application; includeInIndex = 0; path = SunsetSunrise.app; sourceTree = BUILT_PRODUCTS_DIR; };
		FA05A5F42A7CAEC400EAEF10 /* SunsetSunriseApp.swift */ = {isa = PBXFileReference; lastKnownFileType = sourcecode.swift; path = SunsetSunriseApp.swift; sourceTree = "<group>"; };
		FA05A5F62A7CAEC400EAEF10 /* ContentView.swift */ = {isa = PBXFileReference; lastKnownFileType = sourcecode.swift; path = ContentView.swift; sourceTree = "<group>"; };
		FA05A5F82A7CAEC600EAEF10 /* Assets.xcassets */ = {isa = PBXFileReference; lastKnownFileType = folder.assetcatalog; path = Assets.xcassets; sourceTree = "<group>"; };
		FA05A5FB2A7CAEC600EAEF10 /* Preview Assets.xcassets */ = {isa = PBXFileReference; lastKnownFileType = folder.assetcatalog; path = "Preview Assets.xcassets"; sourceTree = "<group>"; };
		FA05A6012A7CAEC600EAEF10 /* SunsetSunriseTests.xctest */ = {isa = PBXFileReference; explicitFileType = wrapper.cfbundle; includeInIndex = 0; path = SunsetSunriseTests.xctest; sourceTree = BUILT_PRODUCTS_DIR; };
		FA05A6052A7CAEC600EAEF10 /* SunsetSunriseTests.swift */ = {isa = PBXFileReference; lastKnownFileType = sourcecode.swift; path = SunsetSunriseTests.swift; sourceTree = "<group>"; };
		FA05A60B2A7CAEC600EAEF10 /* SunsetSunriseUITests.xctest */ = {isa = PBXFileReference; explicitFileType = wrapper.cfbundle; includeInIndex = 0; path = SunsetSunriseUITests.xctest; sourceTree = BUILT_PRODUCTS_DIR; };
		FA05A60F2A7CAEC600EAEF10 /* SunsetSunriseUITests.swift */ = {isa = PBXFileReference; lastKnownFileType = sourcecode.swift; path = SunsetSunriseUITests.swift; sourceTree = "<group>"; };
		FA05A6112A7CAEC600EAEF10 /* SunsetSunriseUITestsLaunchTests.swift */ = {isa = PBXFileReference; lastKnownFileType = sourcecode.swift; path = SunsetSunriseUITestsLaunchTests.swift; sourceTree = "<group>"; };
		FA05A6212A7CBC7F00EAEF10 /* SunsetSunriseViewModel.swift */ = {isa = PBXFileReference; lastKnownFileType = sourcecode.swift; path = SunsetSunriseViewModel.swift; sourceTree = "<group>"; };
		FA05A6232A7CBEC000EAEF10 /* SunsetSunriseModel.swift */ = {isa = PBXFileReference; lastKnownFileType = sourcecode.swift; path = SunsetSunriseModel.swift; sourceTree = "<group>"; };
/* End PBXFileReference section */

/* Begin PBXFrameworksBuildPhase section */
		FA05A5EE2A7CAEC400EAEF10 /* Frameworks */ = {
			isa = PBXFrameworksBuildPhase;
			buildActionMask = 2147483647;
			files = (
				FA05A6202A7CB55500EAEF10 /* AsyncLocationKit in Frameworks */,
			);
			runOnlyForDeploymentPostprocessing = 0;
		};
		FA05A5FE2A7CAEC600EAEF10 /* Frameworks */ = {
			isa = PBXFrameworksBuildPhase;
			buildActionMask = 2147483647;
			files = (
			);
			runOnlyForDeploymentPostprocessing = 0;
		};
		FA05A6082A7CAEC600EAEF10 /* Frameworks */ = {
			isa = PBXFrameworksBuildPhase;
			buildActionMask = 2147483647;
			files = (
			);
			runOnlyForDeploymentPostprocessing = 0;
		};
/* End PBXFrameworksBuildPhase section */

/* Begin PBXGroup section */
		FA05A5E82A7CAEC400EAEF10 = {
			isa = PBXGroup;
			children = (
				FA05A5F32A7CAEC400EAEF10 /* SunsetSunrise */,
				FA05A6042A7CAEC600EAEF10 /* SunsetSunriseTests */,
				FA05A60E2A7CAEC600EAEF10 /* SunsetSunriseUITests */,
				FA05A5F22A7CAEC400EAEF10 /* Products */,
			);
			sourceTree = "<group>";
		};
		FA05A5F22A7CAEC400EAEF10 /* Products */ = {
			isa = PBXGroup;
			children = (
				FA05A5F12A7CAEC400EAEF10 /* SunsetSunrise.app */,
				FA05A6012A7CAEC600EAEF10 /* SunsetSunriseTests.xctest */,
				FA05A60B2A7CAEC600EAEF10 /* SunsetSunriseUITests.xctest */,
			);
			name = Products;
			sourceTree = "<group>";
		};
		FA05A5F32A7CAEC400EAEF10 /* SunsetSunrise */ = {
			isa = PBXGroup;
			children = (
				FA05A5F42A7CAEC400EAEF10 /* SunsetSunriseApp.swift */,
				FA05A5F62A7CAEC400EAEF10 /* ContentView.swift */,
				FA05A5F82A7CAEC600EAEF10 /* Assets.xcassets */,
				FA05A5FA2A7CAEC600EAEF10 /* Preview Content */,
				FA05A6212A7CBC7F00EAEF10 /* SunsetSunriseViewModel.swift */,
				FA05A6232A7CBEC000EAEF10 /* SunsetSunriseModel.swift */,
			);
			path = SunsetSunrise;
			sourceTree = "<group>";
		};
		FA05A5FA2A7CAEC600EAEF10 /* Preview Content */ = {
			isa = PBXGroup;
			children = (
				FA05A5FB2A7CAEC600EAEF10 /* Preview Assets.xcassets */,
			);
			path = "Preview Content";
			sourceTree = "<group>";
		};
		FA05A6042A7CAEC600EAEF10 /* SunsetSunriseTests */ = {
			isa = PBXGroup;
			children = (
				FA05A6052A7CAEC600EAEF10 /* SunsetSunriseTests.swift */,
			);
			path = SunsetSunriseTests;
			sourceTree = "<group>";
		};
		FA05A60E2A7CAEC600EAEF10 /* SunsetSunriseUITests */ = {
			isa = PBXGroup;
			children = (
				FA05A60F2A7CAEC600EAEF10 /* SunsetSunriseUITests.swift */,
				FA05A6112A7CAEC600EAEF10 /* SunsetSunriseUITestsLaunchTests.swift */,
			);
			path = SunsetSunriseUITests;
			sourceTree = "<group>";
		};
/* End PBXGroup section */

/* Begin PBXNativeTarget section */
		FA05A5F02A7CAEC400EAEF10 /* SunsetSunrise */ = {
			isa = PBXNativeTarget;
			buildConfigurationList = FA05A6152A7CAEC600EAEF10 /* Build configuration list for PBXNativeTarget "SunsetSunrise" */;
			buildPhases = (
				FA05A5ED2A7CAEC400EAEF10 /* Sources */,
				FA05A5EE2A7CAEC400EAEF10 /* Frameworks */,
				FA05A5EF2A7CAEC400EAEF10 /* Resources */,
			);
			buildRules = (
			);
			dependencies = (
			);
			name = SunsetSunrise;
			packageProductDependencies = (
				FA05A61F2A7CB55500EAEF10 /* AsyncLocationKit */,
			);
			productName = SunsetSunrise;
			productReference = FA05A5F12A7CAEC400EAEF10 /* SunsetSunrise.app */;
			productType = "com.apple.product-type.application";
		};
		FA05A6002A7CAEC600EAEF10 /* SunsetSunriseTests */ = {
			isa = PBXNativeTarget;
			buildConfigurationList = FA05A6182A7CAEC600EAEF10 /* Build configuration list for PBXNativeTarget "SunsetSunriseTests" */;
			buildPhases = (
				FA05A5FD2A7CAEC600EAEF10 /* Sources */,
				FA05A5FE2A7CAEC600EAEF10 /* Frameworks */,
				FA05A5FF2A7CAEC600EAEF10 /* Resources */,
			);
			buildRules = (
			);
			dependencies = (
				FA05A6032A7CAEC600EAEF10 /* PBXTargetDependency */,
			);
			name = SunsetSunriseTests;
			productName = SunsetSunriseTests;
			productReference = FA05A6012A7CAEC600EAEF10 /* SunsetSunriseTests.xctest */;
			productType = "com.apple.product-type.bundle.unit-test";
		};
		FA05A60A2A7CAEC600EAEF10 /* SunsetSunriseUITests */ = {
			isa = PBXNativeTarget;
			buildConfigurationList = FA05A61B2A7CAEC600EAEF10 /* Build configuration list for PBXNativeTarget "SunsetSunriseUITests" */;
			buildPhases = (
				FA05A6072A7CAEC600EAEF10 /* Sources */,
				FA05A6082A7CAEC600EAEF10 /* Frameworks */,
				FA05A6092A7CAEC600EAEF10 /* Resources */,
			);
			buildRules = (
			);
			dependencies = (
				FA05A60D2A7CAEC600EAEF10 /* PBXTargetDependency */,
			);
			name = SunsetSunriseUITests;
			productName = SunsetSunriseUITests;
			productReference = FA05A60B2A7CAEC600EAEF10 /* SunsetSunriseUITests.xctest */;
			productType = "com.apple.product-type.bundle.ui-testing";
		};
/* End PBXNativeTarget section */

/* Begin PBXProject section */
		FA05A5E92A7CAEC400EAEF10 /* Project object */ = {
			isa = PBXProject;
			attributes = {
				BuildIndependentTargetsInParallel = 1;
				LastSwiftUpdateCheck = 1430;
				LastUpgradeCheck = 1430;
				TargetAttributes = {
					FA05A5F02A7CAEC400EAEF10 = {
						CreatedOnToolsVersion = 14.3;
					};
					FA05A6002A7CAEC600EAEF10 = {
						CreatedOnToolsVersion = 14.3;
						TestTargetID = FA05A5F02A7CAEC400EAEF10;
					};
					FA05A60A2A7CAEC600EAEF10 = {
						CreatedOnToolsVersion = 14.3;
						TestTargetID = FA05A5F02A7CAEC400EAEF10;
					};
				};
			};
			buildConfigurationList = FA05A5EC2A7CAEC400EAEF10 /* Build configuration list for PBXProject "SunsetSunrise" */;
			compatibilityVersion = "Xcode 14.0";
			developmentRegion = en;
			hasScannedForEncodings = 0;
			knownRegions = (
				en,
				Base,
			);
			mainGroup = FA05A5E82A7CAEC400EAEF10;
			packageReferences = (
				FA05A61E2A7CB55500EAEF10 /* XCRemoteSwiftPackageReference "AsyncLocationKit" */,
			);
			productRefGroup = FA05A5F22A7CAEC400EAEF10 /* Products */;
			projectDirPath = "";
			projectRoot = "";
			targets = (
				FA05A5F02A7CAEC400EAEF10 /* SunsetSunrise */,
				FA05A6002A7CAEC600EAEF10 /* SunsetSunriseTests */,
				FA05A60A2A7CAEC600EAEF10 /* SunsetSunriseUITests */,
			);
		};
/* End PBXProject section */

/* Begin PBXResourcesBuildPhase section */
		FA05A5EF2A7CAEC400EAEF10 /* Resources */ = {
			isa = PBXResourcesBuildPhase;
			buildActionMask = 2147483647;
			files = (
				FA05A5FC2A7CAEC600EAEF10 /* Preview Assets.xcassets in Resources */,
				FA05A5F92A7CAEC600EAEF10 /* Assets.xcassets in Resources */,
			);
			runOnlyForDeploymentPostprocessing = 0;
		};
		FA05A5FF2A7CAEC600EAEF10 /* Resources */ = {
			isa = PBXResourcesBuildPhase;
			buildActionMask = 2147483647;
			files = (
			);
			runOnlyForDeploymentPostprocessing = 0;
		};
		FA05A6092A7CAEC600EAEF10 /* Resources */ = {
			isa = PBXResourcesBuildPhase;
			buildActionMask = 2147483647;
			files = (
			);
			runOnlyForDeploymentPostprocessing = 0;
		};
/* End PBXResourcesBuildPhase section */

/* Begin PBXSourcesBuildPhase section */
		FA05A5ED2A7CAEC400EAEF10 /* Sources */ = {
			isa = PBXSourcesBuildPhase;
			buildActionMask = 2147483647;
			files = (
				FA05A6222A7CBC7F00EAEF10 /* SunsetSunriseViewModel.swift in Sources */,
				FA05A5F72A7CAEC400EAEF10 /* ContentView.swift in Sources */,
				FA05A5F52A7CAEC400EAEF10 /* SunsetSunriseApp.swift in Sources */,
				FA05A6242A7CBEC000EAEF10 /* SunsetSunriseModel.swift in Sources */,
			);
			runOnlyForDeploymentPostprocessing = 0;
		};
		FA05A5FD2A7CAEC600EAEF10 /* Sources */ = {
			isa = PBXSourcesBuildPhase;
			buildActionMask = 2147483647;
			files = (
				FA05A6062A7CAEC600EAEF10 /* SunsetSunriseTests.swift in Sources */,
			);
			runOnlyForDeploymentPostprocessing = 0;
		};
		FA05A6072A7CAEC600EAEF10 /* Sources */ = {
			isa = PBXSourcesBuildPhase;
			buildActionMask = 2147483647;
			files = (
				FA05A6122A7CAEC600EAEF10 /* SunsetSunriseUITestsLaunchTests.swift in Sources */,
				FA05A6102A7CAEC600EAEF10 /* SunsetSunriseUITests.swift in Sources */,
			);
			runOnlyForDeploymentPostprocessing = 0;
		};
/* End PBXSourcesBuildPhase section */

/* Begin PBXTargetDependency section */
		FA05A6032A7CAEC600EAEF10 /* PBXTargetDependency */ = {
			isa = PBXTargetDependency;
			target = FA05A5F02A7CAEC400EAEF10 /* SunsetSunrise */;
			targetProxy = FA05A6022A7CAEC600EAEF10 /* PBXContainerItemProxy */;
		};
		FA05A60D2A7CAEC600EAEF10 /* PBXTargetDependency */ = {
			isa = PBXTargetDependency;
			target = FA05A5F02A7CAEC400EAEF10 /* SunsetSunrise */;
			targetProxy = FA05A60C2A7CAEC600EAEF10 /* PBXContainerItemProxy */;
		};
/* End PBXTargetDependency section */

/* Begin XCBuildConfiguration section */
		FA05A6132A7CAEC600EAEF10 /* Debug */ = {
			isa = XCBuildConfiguration;
			buildSettings = {
				ALWAYS_SEARCH_USER_PATHS = NO;
				CLANG_ANALYZER_NONNULL = YES;
				CLANG_ANALYZER_NUMBER_OBJECT_CONVERSION = YES_AGGRESSIVE;
				CLANG_CXX_LANGUAGE_STANDARD = "gnu++20";
				CLANG_ENABLE_MODULES = YES;
				CLANG_ENABLE_OBJC_ARC = YES;
				CLANG_ENABLE_OBJC_WEAK = YES;
				CLANG_WARN_BLOCK_CAPTURE_AUTORELEASING = YES;
				CLANG_WARN_BOOL_CONVERSION = YES;
				CLANG_WARN_COMMA = YES;
				CLANG_WARN_CONSTANT_CONVERSION = YES;
				CLANG_WARN_DEPRECATED_OBJC_IMPLEMENTATIONS = YES;
				CLANG_WARN_DIRECT_OBJC_ISA_USAGE = YES_ERROR;
				CLANG_WARN_DOCUMENTATION_COMMENTS = YES;
				CLANG_WARN_EMPTY_BODY = YES;
				CLANG_WARN_ENUM_CONVERSION = YES;
				CLANG_WARN_INFINITE_RECURSION = YES;
				CLANG_WARN_INT_CONVERSION = YES;
				CLANG_WARN_NON_LITERAL_NULL_CONVERSION = YES;
				CLANG_WARN_OBJC_IMPLICIT_RETAIN_SELF = YES;
				CLANG_WARN_OBJC_LITERAL_CONVERSION = YES;
				CLANG_WARN_OBJC_ROOT_CLASS = YES_ERROR;
				CLANG_WARN_QUOTED_INCLUDE_IN_FRAMEWORK_HEADER = YES;
				CLANG_WARN_RANGE_LOOP_ANALYSIS = YES;
				CLANG_WARN_STRICT_PROTOTYPES = YES;
				CLANG_WARN_SUSPICIOUS_MOVE = YES;
				CLANG_WARN_UNGUARDED_AVAILABILITY = YES_AGGRESSIVE;
				CLANG_WARN_UNREACHABLE_CODE = YES;
				CLANG_WARN__DUPLICATE_METHOD_MATCH = YES;
				COPY_PHASE_STRIP = NO;
				DEBUG_INFORMATION_FORMAT = dwarf;
				ENABLE_STRICT_OBJC_MSGSEND = YES;
				ENABLE_TESTABILITY = YES;
				GCC_C_LANGUAGE_STANDARD = gnu11;
				GCC_DYNAMIC_NO_PIC = NO;
				GCC_NO_COMMON_BLOCKS = YES;
				GCC_OPTIMIZATION_LEVEL = 0;
				GCC_PREPROCESSOR_DEFINITIONS = (
					"DEBUG=1",
					"$(inherited)",
				);
				GCC_WARN_64_TO_32_BIT_CONVERSION = YES;
				GCC_WARN_ABOUT_RETURN_TYPE = YES_ERROR;
				GCC_WARN_UNDECLARED_SELECTOR = YES;
				GCC_WARN_UNINITIALIZED_AUTOS = YES_AGGRESSIVE;
				GCC_WARN_UNUSED_FUNCTION = YES;
				GCC_WARN_UNUSED_VARIABLE = YES;
				IPHONEOS_DEPLOYMENT_TARGET = 16.4;
				MTL_ENABLE_DEBUG_INFO = INCLUDE_SOURCE;
				MTL_FAST_MATH = YES;
				ONLY_ACTIVE_ARCH = YES;
				SDKROOT = iphoneos;
				SWIFT_ACTIVE_COMPILATION_CONDITIONS = DEBUG;
				SWIFT_OPTIMIZATION_LEVEL = "-Onone";
			};
			name = Debug;
		};
		FA05A6142A7CAEC600EAEF10 /* Release */ = {
			isa = XCBuildConfiguration;
			buildSettings = {
				ALWAYS_SEARCH_USER_PATHS = NO;
				CLANG_ANALYZER_NONNULL = YES;
				CLANG_ANALYZER_NUMBER_OBJECT_CONVERSION = YES_AGGRESSIVE;
				CLANG_CXX_LANGUAGE_STANDARD = "gnu++20";
				CLANG_ENABLE_MODULES = YES;
				CLANG_ENABLE_OBJC_ARC = YES;
				CLANG_ENABLE_OBJC_WEAK = YES;
				CLANG_WARN_BLOCK_CAPTURE_AUTORELEASING = YES;
				CLANG_WARN_BOOL_CONVERSION = YES;
				CLANG_WARN_COMMA = YES;
				CLANG_WARN_CONSTANT_CONVERSION = YES;
				CLANG_WARN_DEPRECATED_OBJC_IMPLEMENTATIONS = YES;
				CLANG_WARN_DIRECT_OBJC_ISA_USAGE = YES_ERROR;
				CLANG_WARN_DOCUMENTATION_COMMENTS = YES;
				CLANG_WARN_EMPTY_BODY = YES;
				CLANG_WARN_ENUM_CONVERSION = YES;
				CLANG_WARN_INFINITE_RECURSION = YES;
				CLANG_WARN_INT_CONVERSION = YES;
				CLANG_WARN_NON_LITERAL_NULL_CONVERSION = YES;
				CLANG_WARN_OBJC_IMPLICIT_RETAIN_SELF = YES;
				CLANG_WARN_OBJC_LITERAL_CONVERSION = YES;
				CLANG_WARN_OBJC_ROOT_CLASS = YES_ERROR;
				CLANG_WARN_QUOTED_INCLUDE_IN_FRAMEWORK_HEADER = YES;
				CLANG_WARN_RANGE_LOOP_ANALYSIS = YES;
				CLANG_WARN_STRICT_PROTOTYPES = YES;
				CLANG_WARN_SUSPICIOUS_MOVE = YES;
				CLANG_WARN_UNGUARDED_AVAILABILITY = YES_AGGRESSIVE;
				CLANG_WARN_UNREACHABLE_CODE = YES;
				CLANG_WARN__DUPLICATE_METHOD_MATCH = YES;
				COPY_PHASE_STRIP = NO;
				DEBUG_INFORMATION_FORMAT = "dwarf-with-dsym";
				ENABLE_NS_ASSERTIONS = NO;
				ENABLE_STRICT_OBJC_MSGSEND = YES;
				GCC_C_LANGUAGE_STANDARD = gnu11;
				GCC_NO_COMMON_BLOCKS = YES;
				GCC_WARN_64_TO_32_BIT_CONVERSION = YES;
				GCC_WARN_ABOUT_RETURN_TYPE = YES_ERROR;
				GCC_WARN_UNDECLARED_SELECTOR = YES;
				GCC_WARN_UNINITIALIZED_AUTOS = YES_AGGRESSIVE;
				GCC_WARN_UNUSED_FUNCTION = YES;
				GCC_WARN_UNUSED_VARIABLE = YES;
				IPHONEOS_DEPLOYMENT_TARGET = 16.4;
				MTL_ENABLE_DEBUG_INFO = NO;
				MTL_FAST_MATH = YES;
				SDKROOT = iphoneos;
				SWIFT_COMPILATION_MODE = wholemodule;
				SWIFT_OPTIMIZATION_LEVEL = "-O";
				VALIDATE_PRODUCT = YES;
			};
			name = Release;
		};
		FA05A6162A7CAEC600EAEF10 /* Debug */ = {
			isa = XCBuildConfiguration;
			buildSettings = {
				ASSETCATALOG_COMPILER_APPICON_NAME = AppIcon;
				ASSETCATALOG_COMPILER_GLOBAL_ACCENT_COLOR_NAME = AccentColor;
				CODE_SIGN_STYLE = Automatic;
				CURRENT_PROJECT_VERSION = 1;
				DEVELOPMENT_ASSET_PATHS = "\"SunsetSunrise/Preview Content\"";
				DEVELOPMENT_TEAM = B842DHL25K;
				ENABLE_PREVIEWS = YES;
				GENERATE_INFOPLIST_FILE = YES;
				INFOPLIST_KEY_NSLocationWhenInUseUsageDescription = "We require location permission to get your location";
				INFOPLIST_KEY_UIApplicationSceneManifest_Generation = YES;
				INFOPLIST_KEY_UIApplicationSupportsIndirectInputEvents = YES;
				INFOPLIST_KEY_UILaunchScreen_Generation = YES;
				INFOPLIST_KEY_UISupportedInterfaceOrientations_iPhone = "UIInterfaceOrientationPortrait UIInterfaceOrientationLandscapeLeft UIInterfaceOrientationLandscapeRight";
				LD_RUNPATH_SEARCH_PATHS = (
					"$(inherited)",
					"@executable_path/Frameworks",
				);
				MARKETING_VERSION = 1.0;
				PRODUCT_BUNDLE_IDENTIFIER = com.mg.SunsetSunrise;
				PRODUCT_NAME = "$(TARGET_NAME)";
				SWIFT_EMIT_LOC_STRINGS = YES;
				SWIFT_VERSION = 5.0;
				TARGETED_DEVICE_FAMILY = "1,2";
			};
			name = Debug;
		};
		FA05A6172A7CAEC600EAEF10 /* Release */ = {
			isa = XCBuildConfiguration;
			buildSettings = {
				ASSETCATALOG_COMPILER_APPICON_NAME = AppIcon;
				ASSETCATALOG_COMPILER_GLOBAL_ACCENT_COLOR_NAME = AccentColor;
				CODE_SIGN_STYLE = Automatic;
				CURRENT_PROJECT_VERSION = 1;
				DEVELOPMENT_ASSET_PATHS = "\"SunsetSunrise/Preview Content\"";
				DEVELOPMENT_TEAM = B842DHL25K;
				ENABLE_PREVIEWS = YES;
				GENERATE_INFOPLIST_FILE = YES;
				INFOPLIST_KEY_NSLocationWhenInUseUsageDescription = "We require location permission to get your location";
				INFOPLIST_KEY_UIApplicationSceneManifest_Generation = YES;
				INFOPLIST_KEY_UIApplicationSupportsIndirectInputEvents = YES;
				INFOPLIST_KEY_UILaunchScreen_Generation = YES;
				INFOPLIST_KEY_UISupportedInterfaceOrientations_iPhone = "UIInterfaceOrientationPortrait UIInterfaceOrientationLandscapeLeft UIInterfaceOrientationLandscapeRight";
				LD_RUNPATH_SEARCH_PATHS = (
					"$(inherited)",
					"@executable_path/Frameworks",
				);
				MARKETING_VERSION = 1.0;
				PRODUCT_BUNDLE_IDENTIFIER = com.mg.SunsetSunrise;
				PRODUCT_NAME = "$(TARGET_NAME)";
				SWIFT_EMIT_LOC_STRINGS = YES;
				SWIFT_VERSION = 5.0;
				TARGETED_DEVICE_FAMILY = "1,2";
			};
			name = Release;
		};
		FA05A6192A7CAEC600EAEF10 /* Debug */ = {
			isa = XCBuildConfiguration;
			buildSettings = {
				ALWAYS_EMBED_SWIFT_STANDARD_LIBRARIES = YES;
				BUNDLE_LOADER = "$(TEST_HOST)";
				CODE_SIGN_STYLE = Automatic;
				CURRENT_PROJECT_VERSION = 1;
				DEVELOPMENT_TEAM = B842DHL25K;
				GENERATE_INFOPLIST_FILE = YES;
				IPHONEOS_DEPLOYMENT_TARGET = 16.4;
				MARKETING_VERSION = 1.0;
				PRODUCT_BUNDLE_IDENTIFIER = com.mg.SunsetSunriseTests;
				PRODUCT_NAME = "$(TARGET_NAME)";
				SWIFT_EMIT_LOC_STRINGS = NO;
				SWIFT_VERSION = 5.0;
				TARGETED_DEVICE_FAMILY = "1,2";
				TEST_HOST = "$(BUILT_PRODUCTS_DIR)/SunsetSunrise.app/$(BUNDLE_EXECUTABLE_FOLDER_PATH)/SunsetSunrise";
			};
			name = Debug;
		};
		FA05A61A2A7CAEC600EAEF10 /* Release */ = {
			isa = XCBuildConfiguration;
			buildSettings = {
				ALWAYS_EMBED_SWIFT_STANDARD_LIBRARIES = YES;
				BUNDLE_LOADER = "$(TEST_HOST)";
				CODE_SIGN_STYLE = Automatic;
				CURRENT_PROJECT_VERSION = 1;
				DEVELOPMENT_TEAM = B842DHL25K;
				GENERATE_INFOPLIST_FILE = YES;
				IPHONEOS_DEPLOYMENT_TARGET = 16.4;
				MARKETING_VERSION = 1.0;
				PRODUCT_BUNDLE_IDENTIFIER = com.mg.SunsetSunriseTests;
				PRODUCT_NAME = "$(TARGET_NAME)";
				SWIFT_EMIT_LOC_STRINGS = NO;
				SWIFT_VERSION = 5.0;
				TARGETED_DEVICE_FAMILY = "1,2";
				TEST_HOST = "$(BUILT_PRODUCTS_DIR)/SunsetSunrise.app/$(BUNDLE_EXECUTABLE_FOLDER_PATH)/SunsetSunrise";
			};
			name = Release;
		};
		FA05A61C2A7CAEC600EAEF10 /* Debug */ = {
			isa = XCBuildConfiguration;
			buildSettings = {
				ALWAYS_EMBED_SWIFT_STANDARD_LIBRARIES = YES;
				CODE_SIGN_STYLE = Automatic;
				CURRENT_PROJECT_VERSION = 1;
				DEVELOPMENT_TEAM = B842DHL25K;
				GENERATE_INFOPLIST_FILE = YES;
				MARKETING_VERSION = 1.0;
				PRODUCT_BUNDLE_IDENTIFIER = com.mg.SunsetSunriseUITests;
				PRODUCT_NAME = "$(TARGET_NAME)";
				SWIFT_EMIT_LOC_STRINGS = NO;
				SWIFT_VERSION = 5.0;
				TARGETED_DEVICE_FAMILY = "1,2";
				TEST_TARGET_NAME = SunsetSunrise;
			};
			name = Debug;
		};
		FA05A61D2A7CAEC600EAEF10 /* Release */ = {
			isa = XCBuildConfiguration;
			buildSettings = {
				ALWAYS_EMBED_SWIFT_STANDARD_LIBRARIES = YES;
				CODE_SIGN_STYLE = Automatic;
				CURRENT_PROJECT_VERSION = 1;
				DEVELOPMENT_TEAM = B842DHL25K;
				GENERATE_INFOPLIST_FILE = YES;
				MARKETING_VERSION = 1.0;
				PRODUCT_BUNDLE_IDENTIFIER = com.mg.SunsetSunriseUITests;
				PRODUCT_NAME = "$(TARGET_NAME)";
				SWIFT_EMIT_LOC_STRINGS = NO;
				SWIFT_VERSION = 5.0;
				TARGETED_DEVICE_FAMILY = "1,2";
				TEST_TARGET_NAME = SunsetSunrise;
			};
			name = Release;
		};
/* End XCBuildConfiguration section */

/* Begin XCConfigurationList section */
		FA05A5EC2A7CAEC400EAEF10 /* Build configuration list for PBXProject "SunsetSunrise" */ = {
			isa = XCConfigurationList;
			buildConfigurations = (
				FA05A6132A7CAEC600EAEF10 /* Debug */,
				FA05A6142A7CAEC600EAEF10 /* Release */,
			);
			defaultConfigurationIsVisible = 0;
			defaultConfigurationName = Release;
		};
		FA05A6152A7CAEC600EAEF10 /* Build configuration list for PBXNativeTarget "SunsetSunrise" */ = {
			isa = XCConfigurationList;
			buildConfigurations = (
				FA05A6162A7CAEC600EAEF10 /* Debug */,
				FA05A6172A7CAEC600EAEF10 /* Release */,
			);
			defaultConfigurationIsVisible = 0;
			defaultConfigurationName = Release;
		};
		FA05A6182A7CAEC600EAEF10 /* Build configuration list for PBXNativeTarget "SunsetSunriseTests" */ = {
			isa = XCConfigurationList;
			buildConfigurations = (
				FA05A6192A7CAEC600EAEF10 /* Debug */,
				FA05A61A2A7CAEC600EAEF10 /* Release */,
			);
			defaultConfigurationIsVisible = 0;
			defaultConfigurationName = Release;
		};
		FA05A61B2A7CAEC600EAEF10 /* Build configuration list for PBXNativeTarget "SunsetSunriseUITests" */ = {
			isa = XCConfigurationList;
			buildConfigurations = (
				FA05A61C2A7CAEC600EAEF10 /* Debug */,
				FA05A61D2A7CAEC600EAEF10 /* Release */,
			);
			defaultConfigurationIsVisible = 0;
			defaultConfigurationName = Release;
		};
/* End XCConfigurationList section */

/* Begin XCRemoteSwiftPackageReference section */
		FA05A61E2A7CB55500EAEF10 /* XCRemoteSwiftPackageReference "AsyncLocationKit" */ = {
			isa = XCRemoteSwiftPackageReference;
			repositoryURL = "https://github.com/AsyncSwift/AsyncLocationKit.git";
			requirement = {
				kind = upToNextMajorVersion;
				minimumVersion = 1.6.4;
			};
		};
/* End XCRemoteSwiftPackageReference section */

/* Begin XCSwiftPackageProductDependency section */
		FA05A61F2A7CB55500EAEF10 /* AsyncLocationKit */ = {
			isa = XCSwiftPackageProductDependency;
			package = FA05A61E2A7CB55500EAEF10 /* XCRemoteSwiftPackageReference "AsyncLocationKit" */;
			productName = AsyncLocationKit;
		};
/* End XCSwiftPackageProductDependency section */
	};
	rootObject = FA05A5E92A7CAEC400EAEF10 /* Project object */;
}
